// !$*UTF8*$!
{
	archiveVersion = 1;
	classes = {
	};
	objectVersion = 56;
	objects = {

/* Begin PBXBuildFile section */
		56334B1C2B51D37C00BA272F /* PlaySound.swift in Sources */ = {isa = PBXBuildFile; fileRef = 56334B1B2B51D37C00BA272F /* PlaySound.swift */; };
		567C13652B50531D0079EFAE /* SlotMachineUIApp.swift in Sources */ = {isa = PBXBuildFile; fileRef = 567C13642B50531D0079EFAE /* SlotMachineUIApp.swift */; };
		567C13672B50531D0079EFAE /* ContentView.swift in Sources */ = {isa = PBXBuildFile; fileRef = 567C13662B50531D0079EFAE /* ContentView.swift */; };
		567C13692B50531E0079EFAE /* Assets.xcassets in Resources */ = {isa = PBXBuildFile; fileRef = 567C13682B50531E0079EFAE /* Assets.xcassets */; };
		567C136C2B50531E0079EFAE /* Preview Assets.xcassets in Resources */ = {isa = PBXBuildFile; fileRef = 567C136B2B50531E0079EFAE /* Preview Assets.xcassets */; };
		567C137A2B5054B00079EFAE /* chimeup.mp3 in Resources */ = {isa = PBXBuildFile; fileRef = 567C13722B5054B00079EFAE /* chimeup.mp3 */; };
		567C137B2B5054B00079EFAE /* game-over.mp3 in Resources */ = {isa = PBXBuildFile; fileRef = 567C13732B5054B00079EFAE /* game-over.mp3 */; };
		567C137C2B5054B00079EFAE /* high-score.mp3 in Resources */ = {isa = PBXBuildFile; fileRef = 567C13742B5054B00079EFAE /* high-score.mp3 */; };
		567C137D2B5054B00079EFAE /* riseup.mp3 in Resources */ = {isa = PBXBuildFile; fileRef = 567C13752B5054B00079EFAE /* riseup.mp3 */; };
		567C137E2B5054B00079EFAE /* background-music.mp3 in Resources */ = {isa = PBXBuildFile; fileRef = 567C13762B5054B00079EFAE /* background-music.mp3 */; };
		567C137F2B5054B00079EFAE /* win.mp3 in Resources */ = {isa = PBXBuildFile; fileRef = 567C13772B5054B00079EFAE /* win.mp3 */; };
		567C13802B5054B00079EFAE /* spin.mp3 in Resources */ = {isa = PBXBuildFile; fileRef = 567C13782B5054B00079EFAE /* spin.mp3 */; };
		567C13812B5054B00079EFAE /* casino-chips.mp3 in Resources */ = {isa = PBXBuildFile; fileRef = 567C13792B5054B00079EFAE /* casino-chips.mp3 */; };
		567C13862B5059970079EFAE /* LogoView.swift in Sources */ = {isa = PBXBuildFile; fileRef = 567C13852B5059970079EFAE /* LogoView.swift */; };
		567C13882B5059FE0079EFAE /* Modifiers.swift in Sources */ = {isa = PBXBuildFile; fileRef = 567C13872B5059FE0079EFAE /* Modifiers.swift */; };
		567C138A2B505BDD0079EFAE /* Extensions.swift in Sources */ = {isa = PBXBuildFile; fileRef = 567C13892B505BDD0079EFAE /* Extensions.swift */; };
		56B8CBF72B5083D500A09839 /* ReelView.swift in Sources */ = {isa = PBXBuildFile; fileRef = 56B8CBF62B5083D500A09839 /* ReelView.swift */; };
		56B8CBF92B50884900A09839 /* InfoView.swift in Sources */ = {isa = PBXBuildFile; fileRef = 56B8CBF82B50884900A09839 /* InfoView.swift */; };
/* End PBXBuildFile section */

/* Begin PBXFileReference section */
		56334B1B2B51D37C00BA272F /* PlaySound.swift */ = {isa = PBXFileReference; lastKnownFileType = sourcecode.swift; path = PlaySound.swift; sourceTree = "<group>"; };
		56334B1D2B51D6BC00BA272F /* Info.plist */ = {isa = PBXFileReference; lastKnownFileType = text.plist; path = Info.plist; sourceTree = "<group>"; };
		56334B1E2B51D72500BA272F /* SlotMachineUI.entitlements */ = {isa = PBXFileReference; lastKnownFileType = text.plist.entitlements; path = SlotMachineUI.entitlements; sourceTree = "<group>"; };
		567C13612B50531D0079EFAE /* SlotMachineUI.app */ = {isa = PBXFileReference; explicitFileType = wrapper.application; includeInIndex = 0; path = SlotMachineUI.app; sourceTree = BUILT_PRODUCTS_DIR; };
		567C13642B50531D0079EFAE /* SlotMachineUIApp.swift */ = {isa = PBXFileReference; lastKnownFileType = sourcecode.swift; path = SlotMachineUIApp.swift; sourceTree = "<group>"; };
		567C13662B50531D0079EFAE /* ContentView.swift */ = {isa = PBXFileReference; lastKnownFileType = sourcecode.swift; path = ContentView.swift; sourceTree = "<group>"; };
		567C13682B50531E0079EFAE /* Assets.xcassets */ = {isa = PBXFileReference; lastKnownFileType = folder.assetcatalog; path = Assets.xcassets; sourceTree = "<group>"; };
		567C136B2B50531E0079EFAE /* Preview Assets.xcassets */ = {isa = PBXFileReference; lastKnownFileType = folder.assetcatalog; path = "Preview Assets.xcassets"; sourceTree = "<group>"; };
		567C13722B5054B00079EFAE /* chimeup.mp3 */ = {isa = PBXFileReference; lastKnownFileType = audio.mp3; path = chimeup.mp3; sourceTree = "<group>"; };
		567C13732B5054B00079EFAE /* game-over.mp3 */ = {isa = PBXFileReference; lastKnownFileType = audio.mp3; path = "game-over.mp3"; sourceTree = "<group>"; };
		567C13742B5054B00079EFAE /* high-score.mp3 */ = {isa = PBXFileReference; lastKnownFileType = audio.mp3; path = "high-score.mp3"; sourceTree = "<group>"; };
		567C13752B5054B00079EFAE /* riseup.mp3 */ = {isa = PBXFileReference; lastKnownFileType = audio.mp3; path = riseup.mp3; sourceTree = "<group>"; };
		567C13762B5054B00079EFAE /* background-music.mp3 */ = {isa = PBXFileReference; lastKnownFileType = audio.mp3; path = "background-music.mp3"; sourceTree = "<group>"; };
		567C13772B5054B00079EFAE /* win.mp3 */ = {isa = PBXFileReference; lastKnownFileType = audio.mp3; path = win.mp3; sourceTree = "<group>"; };
		567C13782B5054B00079EFAE /* spin.mp3 */ = {isa = PBXFileReference; lastKnownFileType = audio.mp3; path = spin.mp3; sourceTree = "<group>"; };
		567C13792B5054B00079EFAE /* casino-chips.mp3 */ = {isa = PBXFileReference; lastKnownFileType = audio.mp3; path = "casino-chips.mp3"; sourceTree = "<group>"; };
		567C13852B5059970079EFAE /* LogoView.swift */ = {isa = PBXFileReference; lastKnownFileType = sourcecode.swift; path = LogoView.swift; sourceTree = "<group>"; };
		567C13872B5059FE0079EFAE /* Modifiers.swift */ = {isa = PBXFileReference; lastKnownFileType = sourcecode.swift; path = Modifiers.swift; sourceTree = "<group>"; };
		567C13892B505BDD0079EFAE /* Extensions.swift */ = {isa = PBXFileReference; lastKnownFileType = sourcecode.swift; path = Extensions.swift; sourceTree = "<group>"; };
		56B8CBF62B5083D500A09839 /* ReelView.swift */ = {isa = PBXFileReference; lastKnownFileType = sourcecode.swift; path = ReelView.swift; sourceTree = "<group>"; };
		56B8CBF82B50884900A09839 /* InfoView.swift */ = {isa = PBXFileReference; lastKnownFileType = sourcecode.swift; path = InfoView.swift; sourceTree = "<group>"; };
/* End PBXFileReference section */

/* Begin PBXFrameworksBuildPhase section */
		567C135E2B50531D0079EFAE /* Frameworks */ = {
			isa = PBXFrameworksBuildPhase;
			buildActionMask = 2147483647;
			files = (
			);
			runOnlyForDeploymentPostprocessing = 0;
		};
/* End PBXFrameworksBuildPhase section */

/* Begin PBXGroup section */
		567C13582B50531D0079EFAE = {
			isa = PBXGroup;
			children = (
				567C13632B50531D0079EFAE /* SlotMachineUI */,
				567C13622B50531D0079EFAE /* Products */,
			);
			sourceTree = "<group>";
		};
		567C13622B50531D0079EFAE /* Products */ = {
			isa = PBXGroup;
			children = (
				567C13612B50531D0079EFAE /* SlotMachineUI.app */,
			);
			name = Products;
			sourceTree = "<group>";
		};
		567C13632B50531D0079EFAE /* SlotMachineUI */ = {
			isa = PBXGroup;
			children = (
				56334B1E2B51D72500BA272F /* SlotMachineUI.entitlements */,
				56334B1D2B51D6BC00BA272F /* Info.plist */,
				567C13842B5054CC0079EFAE /* Helpers */,
				567C13822B5054BA0079EFAE /* Sounds */,
				567C13642B50531D0079EFAE /* SlotMachineUIApp.swift */,
				567C13832B5054C40079EFAE /* Views */,
				567C13682B50531E0079EFAE /* Assets.xcassets */,
				567C136A2B50531E0079EFAE /* Preview Content */,
			);
			path = SlotMachineUI;
			sourceTree = "<group>";
		};
		567C136A2B50531E0079EFAE /* Preview Content */ = {
			isa = PBXGroup;
			children = (
				567C136B2B50531E0079EFAE /* Preview Assets.xcassets */,
			);
			path = "Preview Content";
			sourceTree = "<group>";
		};
		567C13822B5054BA0079EFAE /* Sounds */ = {
			isa = PBXGroup;
			children = (
				567C13762B5054B00079EFAE /* background-music.mp3 */,
				567C13792B5054B00079EFAE /* casino-chips.mp3 */,
				567C13722B5054B00079EFAE /* chimeup.mp3 */,
				567C13732B5054B00079EFAE /* game-over.mp3 */,
				567C13742B5054B00079EFAE /* high-score.mp3 */,
				567C13752B5054B00079EFAE /* riseup.mp3 */,
				567C13782B5054B00079EFAE /* spin.mp3 */,
				567C13772B5054B00079EFAE /* win.mp3 */,
			);
			path = Sounds;
			sourceTree = "<group>";
		};
		567C13832B5054C40079EFAE /* Views */ = {
			isa = PBXGroup;
			children = (
				567C13662B50531D0079EFAE /* ContentView.swift */,
				567C13852B5059970079EFAE /* LogoView.swift */,
				56B8CBF62B5083D500A09839 /* ReelView.swift */,
				56B8CBF82B50884900A09839 /* InfoView.swift */,
			);
			path = Views;
			sourceTree = "<group>";
		};
		567C13842B5054CC0079EFAE /* Helpers */ = {
			isa = PBXGroup;
			children = (
				567C13872B5059FE0079EFAE /* Modifiers.swift */,
				567C13892B505BDD0079EFAE /* Extensions.swift */,
				56334B1B2B51D37C00BA272F /* PlaySound.swift */,
			);
			path = Helpers;
			sourceTree = "<group>";
		};
/* End PBXGroup section */

/* Begin PBXNativeTarget section */
		567C13602B50531D0079EFAE /* SlotMachineUI */ = {
			isa = PBXNativeTarget;
			buildConfigurationList = 567C136F2B50531E0079EFAE /* Build configuration list for PBXNativeTarget "SlotMachineUI" */;
			buildPhases = (
				567C135D2B50531D0079EFAE /* Sources */,
				567C135E2B50531D0079EFAE /* Frameworks */,
				567C135F2B50531D0079EFAE /* Resources */,
			);
			buildRules = (
			);
			dependencies = (
			);
			name = SlotMachineUI;
			productName = SlotMachineUI;
			productReference = 567C13612B50531D0079EFAE /* SlotMachineUI.app */;
			productType = "com.apple.product-type.application";
		};
/* End PBXNativeTarget section */

/* Begin PBXProject section */
		567C13592B50531D0079EFAE /* Project object */ = {
			isa = PBXProject;
			attributes = {
				BuildIndependentTargetsInParallel = 1;
				LastSwiftUpdateCheck = 1520;
				LastUpgradeCheck = 1520;
				TargetAttributes = {
					567C13602B50531D0079EFAE = {
						CreatedOnToolsVersion = 15.2;
					};
				};
			};
			buildConfigurationList = 567C135C2B50531D0079EFAE /* Build configuration list for PBXProject "SlotMachineUI" */;
			compatibilityVersion = "Xcode 14.0";
			developmentRegion = en;
			hasScannedForEncodings = 0;
			knownRegions = (
				en,
				Base,
			);
			mainGroup = 567C13582B50531D0079EFAE;
			productRefGroup = 567C13622B50531D0079EFAE /* Products */;
			projectDirPath = "";
			projectRoot = "";
			targets = (
				567C13602B50531D0079EFAE /* SlotMachineUI */,
			);
		};
/* End PBXProject section */

/* Begin PBXResourcesBuildPhase section */
		567C135F2B50531D0079EFAE /* Resources */ = {
			isa = PBXResourcesBuildPhase;
			buildActionMask = 2147483647;
			files = (
				567C137D2B5054B00079EFAE /* riseup.mp3 in Resources */,
				567C137C2B5054B00079EFAE /* high-score.mp3 in Resources */,
				567C13802B5054B00079EFAE /* spin.mp3 in Resources */,
				567C137A2B5054B00079EFAE /* chimeup.mp3 in Resources */,
				567C137F2B5054B00079EFAE /* win.mp3 in Resources */,
				567C136C2B50531E0079EFAE /* Preview Assets.xcassets in Resources */,
				567C137B2B5054B00079EFAE /* game-over.mp3 in Resources */,
				567C137E2B5054B00079EFAE /* background-music.mp3 in Resources */,
				567C13692B50531E0079EFAE /* Assets.xcassets in Resources */,
				567C13812B5054B00079EFAE /* casino-chips.mp3 in Resources */,
			);
			runOnlyForDeploymentPostprocessing = 0;
		};
/* End PBXResourcesBuildPhase section */

/* Begin PBXSourcesBuildPhase section */
		567C135D2B50531D0079EFAE /* Sources */ = {
			isa = PBXSourcesBuildPhase;
			buildActionMask = 2147483647;
			files = (
				56B8CBF72B5083D500A09839 /* ReelView.swift in Sources */,
				56334B1C2B51D37C00BA272F /* PlaySound.swift in Sources */,
				567C138A2B505BDD0079EFAE /* Extensions.swift in Sources */,
				567C13882B5059FE0079EFAE /* Modifiers.swift in Sources */,
				567C13672B50531D0079EFAE /* ContentView.swift in Sources */,
				567C13862B5059970079EFAE /* LogoView.swift in Sources */,
				567C13652B50531D0079EFAE /* SlotMachineUIApp.swift in Sources */,
				56B8CBF92B50884900A09839 /* InfoView.swift in Sources */,
			);
			runOnlyForDeploymentPostprocessing = 0;
		};
/* End PBXSourcesBuildPhase section */

/* Begin XCBuildConfiguration section */
		567C136D2B50531E0079EFAE /* Debug */ = {
			isa = XCBuildConfiguration;
			buildSettings = {
				ALWAYS_SEARCH_USER_PATHS = NO;
				ASSETCATALOG_COMPILER_GENERATE_SWIFT_ASSET_SYMBOL_EXTENSIONS = YES;
				CLANG_ANALYZER_NONNULL = YES;
				CLANG_ANALYZER_NUMBER_OBJECT_CONVERSION = YES_AGGRESSIVE;
				CLANG_CXX_LANGUAGE_STANDARD = "gnu++20";
				CLANG_ENABLE_MODULES = YES;
				CLANG_ENABLE_OBJC_ARC = YES;
				CLANG_ENABLE_OBJC_WEAK = YES;
				CLANG_WARN_BLOCK_CAPTURE_AUTORELEASING = YES;
				CLANG_WARN_BOOL_CONVERSION = YES;
				CLANG_WARN_COMMA = YES;
				CLANG_WARN_CONSTANT_CONVERSION = YES;
				CLANG_WARN_DEPRECATED_OBJC_IMPLEMENTATIONS = YES;
				CLANG_WARN_DIRECT_OBJC_ISA_USAGE = YES_ERROR;
				CLANG_WARN_DOCUMENTATION_COMMENTS = YES;
				CLANG_WARN_EMPTY_BODY = YES;
				CLANG_WARN_ENUM_CONVERSION = YES;
				CLANG_WARN_INFINITE_RECURSION = YES;
				CLANG_WARN_INT_CONVERSION = YES;
				CLANG_WARN_NON_LITERAL_NULL_CONVERSION = YES;
				CLANG_WARN_OBJC_IMPLICIT_RETAIN_SELF = YES;
				CLANG_WARN_OBJC_LITERAL_CONVERSION = YES;
				CLANG_WARN_OBJC_ROOT_CLASS = YES_ERROR;
				CLANG_WARN_QUOTED_INCLUDE_IN_FRAMEWORK_HEADER = YES;
				CLANG_WARN_RANGE_LOOP_ANALYSIS = YES;
				CLANG_WARN_STRICT_PROTOTYPES = YES;
				CLANG_WARN_SUSPICIOUS_MOVE = YES;
				CLANG_WARN_UNGUARDED_AVAILABILITY = YES_AGGRESSIVE;
				CLANG_WARN_UNREACHABLE_CODE = YES;
				CLANG_WARN__DUPLICATE_METHOD_MATCH = YES;
				COPY_PHASE_STRIP = NO;
				DEBUG_INFORMATION_FORMAT = dwarf;
				ENABLE_STRICT_OBJC_MSGSEND = YES;
				ENABLE_TESTABILITY = YES;
				ENABLE_USER_SCRIPT_SANDBOXING = YES;
				GCC_C_LANGUAGE_STANDARD = gnu17;
				GCC_DYNAMIC_NO_PIC = NO;
				GCC_NO_COMMON_BLOCKS = YES;
				GCC_OPTIMIZATION_LEVEL = 0;
				GCC_PREPROCESSOR_DEFINITIONS = (
					"DEBUG=1",
					"$(inherited)",
				);
				GCC_WARN_64_TO_32_BIT_CONVERSION = YES;
				GCC_WARN_ABOUT_RETURN_TYPE = YES_ERROR;
				GCC_WARN_UNDECLARED_SELECTOR = YES;
				GCC_WARN_UNINITIALIZED_AUTOS = YES_AGGRESSIVE;
				GCC_WARN_UNUSED_FUNCTION = YES;
				GCC_WARN_UNUSED_VARIABLE = YES;
				IPHONEOS_DEPLOYMENT_TARGET = 17.2;
				LOCALIZATION_PREFERS_STRING_CATALOGS = YES;
				MTL_ENABLE_DEBUG_INFO = INCLUDE_SOURCE;
				MTL_FAST_MATH = YES;
				ONLY_ACTIVE_ARCH = YES;
				SDKROOT = iphoneos;
				SWIFT_ACTIVE_COMPILATION_CONDITIONS = "DEBUG $(inherited)";
				SWIFT_OPTIMIZATION_LEVEL = "-Onone";
			};
			name = Debug;
		};
		567C136E2B50531E0079EFAE /* Release */ = {
			isa = XCBuildConfiguration;
			buildSettings = {
				ALWAYS_SEARCH_USER_PATHS = NO;
				ASSETCATALOG_COMPILER_GENERATE_SWIFT_ASSET_SYMBOL_EXTENSIONS = YES;
				CLANG_ANALYZER_NONNULL = YES;
				CLANG_ANALYZER_NUMBER_OBJECT_CONVERSION = YES_AGGRESSIVE;
				CLANG_CXX_LANGUAGE_STANDARD = "gnu++20";
				CLANG_ENABLE_MODULES = YES;
				CLANG_ENABLE_OBJC_ARC = YES;
				CLANG_ENABLE_OBJC_WEAK = YES;
				CLANG_WARN_BLOCK_CAPTURE_AUTORELEASING = YES;
				CLANG_WARN_BOOL_CONVERSION = YES;
				CLANG_WARN_COMMA = YES;
				CLANG_WARN_CONSTANT_CONVERSION = YES;
				CLANG_WARN_DEPRECATED_OBJC_IMPLEMENTATIONS = YES;
				CLANG_WARN_DIRECT_OBJC_ISA_USAGE = YES_ERROR;
				CLANG_WARN_DOCUMENTATION_COMMENTS = YES;
				CLANG_WARN_EMPTY_BODY = YES;
				CLANG_WARN_ENUM_CONVERSION = YES;
				CLANG_WARN_INFINITE_RECURSION = YES;
				CLANG_WARN_INT_CONVERSION = YES;
				CLANG_WARN_NON_LITERAL_NULL_CONVERSION = YES;
				CLANG_WARN_OBJC_IMPLICIT_RETAIN_SELF = YES;
				CLANG_WARN_OBJC_LITERAL_CONVERSION = YES;
				CLANG_WARN_OBJC_ROOT_CLASS = YES_ERROR;
				CLANG_WARN_QUOTED_INCLUDE_IN_FRAMEWORK_HEADER = YES;
				CLANG_WARN_RANGE_LOOP_ANALYSIS = YES;
				CLANG_WARN_STRICT_PROTOTYPES = YES;
				CLANG_WARN_SUSPICIOUS_MOVE = YES;
				CLANG_WARN_UNGUARDED_AVAILABILITY = YES_AGGRESSIVE;
				CLANG_WARN_UNREACHABLE_CODE = YES;
				CLANG_WARN__DUPLICATE_METHOD_MATCH = YES;
				COPY_PHASE_STRIP = NO;
				DEBUG_INFORMATION_FORMAT = "dwarf-with-dsym";
				ENABLE_NS_ASSERTIONS = NO;
				ENABLE_STRICT_OBJC_MSGSEND = YES;
				ENABLE_USER_SCRIPT_SANDBOXING = YES;
				GCC_C_LANGUAGE_STANDARD = gnu17;
				GCC_NO_COMMON_BLOCKS = YES;
				GCC_WARN_64_TO_32_BIT_CONVERSION = YES;
				GCC_WARN_ABOUT_RETURN_TYPE = YES_ERROR;
				GCC_WARN_UNDECLARED_SELECTOR = YES;
				GCC_WARN_UNINITIALIZED_AUTOS = YES_AGGRESSIVE;
				GCC_WARN_UNUSED_FUNCTION = YES;
				GCC_WARN_UNUSED_VARIABLE = YES;
				IPHONEOS_DEPLOYMENT_TARGET = 17.2;
				LOCALIZATION_PREFERS_STRING_CATALOGS = YES;
				MTL_ENABLE_DEBUG_INFO = NO;
				MTL_FAST_MATH = YES;
				SDKROOT = iphoneos;
				SWIFT_COMPILATION_MODE = wholemodule;
				VALIDATE_PRODUCT = YES;
			};
			name = Release;
		};
		567C13702B50531E0079EFAE /* Debug */ = {
			isa = XCBuildConfiguration;
			buildSettings = {
				ASSETCATALOG_COMPILER_APPICON_NAME = AppIcon;
				ASSETCATALOG_COMPILER_GLOBAL_ACCENT_COLOR_NAME = AccentColor;
				CODE_SIGN_ENTITLEMENTS = SlotMachineUI/SlotMachineUI.entitlements;
				CODE_SIGN_STYLE = Automatic;
				CURRENT_PROJECT_VERSION = 1;
				DEVELOPMENT_ASSET_PATHS = "\"SlotMachineUI/Preview Content\"";
				DEVELOPMENT_TEAM = VXF37T9QF4;
				ENABLE_PREVIEWS = YES;
				GENERATE_INFOPLIST_FILE = YES;
				INFOPLIST_FILE = SlotMachineUI/Info.plist;
				INFOPLIST_KEY_UIApplicationSceneManifest_Generation = YES;
				INFOPLIST_KEY_UIApplicationSupportsIndirectInputEvents = YES;
				INFOPLIST_KEY_UILaunchScreen_Generation = YES;
				INFOPLIST_KEY_UIStatusBarStyle = UIStatusBarStyleLightContent;
				INFOPLIST_KEY_UISupportedInterfaceOrientations = UIInterfaceOrientationPortrait;
				LD_RUNPATH_SEARCH_PATHS = (
					"$(inherited)",
					"@executable_path/Frameworks",
				);
				MARKETING_VERSION = 1.0;
				PRODUCT_BUNDLE_IDENTIFIER = com.danielWashington.SlotMachineUI;
				PRODUCT_NAME = "$(TARGET_NAME)";
				SUPPORTED_PLATFORMS = "iphoneos iphonesimulator";
				SUPPORTS_MACCATALYST = YES;
				SWIFT_EMIT_LOC_STRINGS = YES;
				SWIFT_VERSION = 5.0;
				TARGETED_DEVICE_FAMILY = "1,2";
			};
			name = Debug;
		};
		567C13712B50531E0079EFAE /* Release */ = {
			isa = XCBuildConfiguration;
			buildSettings = {
				ASSETCATALOG_COMPILER_APPICON_NAME = AppIcon;
				ASSETCATALOG_COMPILER_GLOBAL_ACCENT_COLOR_NAME = AccentColor;
				CODE_SIGN_ENTITLEMENTS = SlotMachineUI/SlotMachineUI.entitlements;
				CODE_SIGN_STYLE = Automatic;
				CURRENT_PROJECT_VERSION = 1;
				DEVELOPMENT_ASSET_PATHS = "\"SlotMachineUI/Preview Content\"";
				DEVELOPMENT_TEAM = VXF37T9QF4;
				ENABLE_PREVIEWS = YES;
				GENERATE_INFOPLIST_FILE = YES;
				INFOPLIST_FILE = SlotMachineUI/Info.plist;
				INFOPLIST_KEY_UIApplicationSceneManifest_Generation = YES;
				INFOPLIST_KEY_UIApplicationSupportsIndirectInputEvents = YES;
				INFOPLIST_KEY_UILaunchScreen_Generation = YES;
				INFOPLIST_KEY_UIStatusBarStyle = UIStatusBarStyleLightContent;
				INFOPLIST_KEY_UISupportedInterfaceOrientations = UIInterfaceOrientationPortrait;
				LD_RUNPATH_SEARCH_PATHS = (
					"$(inherited)",
					"@executable_path/Frameworks",
				);
				MARKETING_VERSION = 1.0;
				PRODUCT_BUNDLE_IDENTIFIER = com.danielWashington.SlotMachineUI;
				PRODUCT_NAME = "$(TARGET_NAME)";
				SUPPORTED_PLATFORMS = "iphoneos iphonesimulator";
				SUPPORTS_MACCATALYST = YES;
				SWIFT_EMIT_LOC_STRINGS = YES;
				SWIFT_VERSION = 5.0;
				TARGETED_DEVICE_FAMILY = "1,2";
			};
			name = Release;
		};
/* End XCBuildConfiguration section */

/* Begin XCConfigurationList section */
		567C135C2B50531D0079EFAE /* Build configuration list for PBXProject "SlotMachineUI" */ = {
			isa = XCConfigurationList;
			buildConfigurations = (
				567C136D2B50531E0079EFAE /* Debug */,
				567C136E2B50531E0079EFAE /* Release */,
			);
			defaultConfigurationIsVisible = 0;
			defaultConfigurationName = Release;
		};
		567C136F2B50531E0079EFAE /* Build configuration list for PBXNativeTarget "SlotMachineUI" */ = {
			isa = XCConfigurationList;
			buildConfigurations = (
				567C13702B50531E0079EFAE /* Debug */,
				567C13712B50531E0079EFAE /* Release */,
			);
			defaultConfigurationIsVisible = 0;
			defaultConfigurationName = Release;
		};
/* End XCConfigurationList section */
	};
	rootObject = 567C13592B50531D0079EFAE /* Project object */;
}
